github.com/golang/protobuf v1.2.0/go.mod h1:6lQm79b+lXiMfvg/cZm0SGofjICqVBUtrP5yJMmIC1U=
github.com/google/go-github v17.0.0+incompatible h1:N0LgJ1j65A7kfXrZnUDaYCs/Sf4rEjNlfyDHW9dolSY=
github.com/google/go-github v17.0.0+incompatible/go.mod h1:zLgOLi98H3fifZn+44m+umXrS52loVEgC2AApnigrVQ=
github.com/google/go-github/v27 v27.0.0 h1:8fNZ10VRSgTer3Nz/FwQpawaTSQaBSKLoJhFw078pOE=
github.com/google/go-github/v27 v27.0.0/go.mod h1:/0Gr8pJ55COkmv+S/yPKCczSkUPIM/LnFyubufRNIS0=
github.com/google/go-querystring v1.0.0 h1:Xkwi/a1rcvNg1PPYe5vI8GbeBY/jrVuDX5ASuANWTrk=
github.com/google/go-querystring v1.0.0/go.mod h1:odCYkC5MyYFN7vkCjXpyrEuKhc/BUO6wN/zVPAxq5ck=
github.com/juju/errors v0.0.0-20150916125642-1b5e39b83d18 h1:Sem5Flzxj8ZdAgY2wfHBUlOYyP4wrpIfM8IZgANNGh8=
github.com/juju/errors v0.0.0-20150916125642-1b5e39b83d18/go.mod h1:W54LbzXuIE0boCoNJfwqpmkKJ1O4TCTZMetAt6jGk7Q=
github.com/juju/loggo v0.0.0-20160511211902-0e0537f18a29 h1:wXuXWz7gZy8UQSiFy34IhHOdeV45qSO4fAG3p0DrRRA=
github.com/juju/loggo v0.0.0-20160511211902-0e0537f18a29/go.mod h1:vgyd7OREkbtVEN/8IXZe5Ooef3LQePvuBm9UWj6ZL8U=
github.com/juju/testing v0.0.0-20160203233110-321edad6b2d1 h1:0WbpCsj5kC5p6YSWl0Y6THSMeD2eTCx2rLKYQ7/3aS4=
github.com/juju/testing v0.0.0-20160203233110-321edad6b2d1/go.mod h1:63prj8cnj0tU0S9OHjGJn+b1h0ZghCndfnbQolrYTwA=
github.com/juju/utils v0.0.0-20160815113839-bdb77b07e7e3 h1:UmZwEQJiCr97I7qMfUB9VqS2BzRNQXx4VuAoHIfTQyA=
github.com/juju/utils v0.0.0-20160815113839-bdb77b07e7e3/go.mod h1:6/KLg8Wz/y2KVGWEpkK9vMNGkOnu4k/cqs8Z1fKjTOk=
github.com/waigani/diffparser v0.0.0-20190426062500-1f7065f429b5 h1:4yIx5P7EOBImq3ZdUT7ws9cJzECcROJU/qdUCe0susI=
github.com/waigani/diffparser v0.0.0-20190426062500-1f7065f429b5/go.mod h1:CefseIIgCUqtn0B83Lc3+8F2L1V9viokWY2GQlkWGfs=
golang.org/x/crypto v0.0.0-20160824173033-351dc6a5bf92 h1:6HmDSTSU7PVgeKBom4W04S2VmgzLOtZlfUiJuF+txm4=
golang.org/x/crypto v0.0.0-20160824173033-351dc6a5bf92/go.mod h1:6SG95UA2DQfeDnfUPMdvaQW0Q7yPrPDi9nlGo2tz2b4=
golang.org/x/crypto v0.0.0-20190308221718-c2843e01d9a2 h1:VklqNMn3ovrHsnt90PveolxSbWFaJdECFbxSq0Mqo2M=
golang.org/x/crypto v0.0.0-20190308221718-c2843e01d9a2/go.mod h1:djNgcEr1/C05ACkg1iLfiJU5Ep61QUkGW8qpdssI0+w=
golang.org/x/net v0.0.0-20190311183353-d8887717615a h1:oWX7TPOiFAMXLq8o0ikBYfCJVlRHBcsciT5bXOrH628=
golang.org/x/net v0.0.0-20190311183353-d8887717615a/go.mod h1:t9HGtf8HONx5eT2rtn7q6eTqICYqUVnKs3thJo3Qplg=
golang.org/x/oauth2 v0.0.0-20180821212333-d2e6202438be h1:vEDujvNQGv4jgYKudGeI/+DAX4Jffq6hpD55MmoEvKs=
golang.org/x/oauth2 v0.0.0-20180821212333-d2e6202438be/go.mod h1:N/0e6XlmueqKjAGxoOufVs8QHGRruUQn6yWY3a++T0U=
golang.org/x/sync v0.0.0-20190227155943-e225da77a7e6/go.mod h1:RxMgew5VJxzue5/jJTE5uejpjVlOe/izrB70Jof72aM=
golang.org/x/sys v0.0.0-20190215142949-d0b11bdaac8a/go.mod h1:STP8DvDyc/dI5b8T5hshtkjS+E42TnysNCUPdjciGhY=
golang.org/x/text v0.3.0/go.mod h1:NqM8EUOU14njkJ3fqMW+pc6Ldnwhi/IjpwHt7yyuwOQ=
google.golang.org/appengine v1.1.0/go.mod h1:EbEs0AVv82hx2wNQdGPgUI5lhzA/G0D9YwlJXL52JkM=
gopkg.in/check.v1 v1.0.0-20160105164936-4f90aeace3a2 h1:+j1SppRob9bAgoYmsdW9NNBdKZfgYuWpqnYHv78Qt8w=
gopkg.in/check.v1 v1.0.0-20160105164936-4f90aeace3a2/go.mod h1:Co6ibVJAznAaIkqp8huTwlJQCZ016jof/cbN4VW5Yz0=
gopkg.in/mgo.v2 v2.0.0-20150529124711-01ee097136da h1:k2jXxOPVI4OLmisXza2wym08Pz6x+ky/f71oJBuA8zg=
gopkg.in/mgo.v2 v2.0.0-20150529124711-01ee097136da/go.mod h1:yeKp02qBN3iKW1OzL3MGk2IdtZzaj7SFntXj72NppTA=
gopkg.in/yaml.v2 v2.0.0-20160715033755-e4d366fc3c79 h1:mENkfeXGmLV7lIyBeNdwYWdONek7pH9yHaHMgZyvIWE=
gopkg.in/yaml.v2 v2.0.0-20160715033755-e4d366fc3c79/go.mod h1:JAlM8MvJe8wmxCU4Bli9HhUf9+ttbYbLASfIpnQbh74=
